
Microsoft Visual Studio Solution File, Format Version 12.00
# Visual Studio Version 17
VisualStudioVersion = 17.5.33516.290
MinimumVisualStudioVersion = 10.0.40219.1
Project("{888888A0-9F3D-457C-B088-3A5042F75D52}") = "CheckHash", "CheckHash\CheckHash.pyproj", "{04917146-E21E-447D-81BE-DFE23F428B96}"
EndProject
Global
	GlobalSection(SolutionConfigurationPlatforms) = preSolution
		Debug|Any CPU = Debug|Any CPU
		Release|Any CPU = Release|Any CPU
	EndGlobalSection
	GlobalSection(ProjectConfigurationPlatforms) = postSolution
		{04917146-E21E-447D-81BE-DFE23F428B96}.Debug|Any CPU.ActiveCfg = Debug|Any CPU
		{04917146-E21E-447D-81BE-DFE23F428B96}.Release|Any CPU.ActiveCfg = Release|Any CPU
	EndGlobalSection
	GlobalSection(SolutionProperties) = preSolution
		HideSolutionNode = FALSE
	EndGlobalSection
	GlobalSection(ExtensibilityGlobals) = postSolution
		SolutionGuid = {FC5C2655-EDD2-4F13-8F0F-DDCEBD2D7067}
	EndGlobalSection
EndGlobal
